
Microsoft Visual Studio Solution File, Format Version 12.00
# Visual Studio Version 17
VisualStudioVersion = 17.3.32922.545
MinimumVisualStudioVersion = 10.0.40219.1
Project("{FAE04EC0-301F-11D3-BF4B-00C04F79EFBC}") = "TemperatureConverter", "TemperatureConverter.csproj", "{4B5A288B-056E-49BA-B384-A655631BBFEC}"
EndProject
Global
	GlobalSection(SolutionConfigurationPlatforms) = preSolution
		Debug|Any CPU = Debug|Any CPU
		Release|Any CPU = Release|Any CPU
	EndGlobalSection
	GlobalSection(ProjectConfigurationPlatforms) = postSolution
		{4B5A288B-056E-49BA-B384-A655631BBFEC}.Debug|Any CPU.ActiveCfg = Debug|Any CPU
		{4B5A288B-056E-49BA-B384-A655631BBFEC}.Debug|Any CPU.Build.0 = Debug|Any CPU
		{4B5A288B-056E-49BA-B384-A655631BBFEC}.Release|Any CPU.ActiveCfg = Release|Any CPU
		{4B5A288B-056E-49BA-B384-A655631BBFEC}.Release|Any CPU.Build.0 = Release|Any CPU
	EndGlobalSection
	GlobalSection(SolutionProperties) = preSolution
		HideSolutionNode = FALSE
	EndGlobalSection
	GlobalSection(ExtensibilityGlobals) = postSolution
		SolutionGuid = {1A90BD74-DB9C-4931-9A28-E2EF99044609}
	EndGlobalSection
EndGlobal
